// !$*UTF8*$!
{
	archiveVersion = 1;
	classes = {
	};
	objectVersion = 48;
	objects = {

/* Begin PBXBuildFile section */
		0158DF662025D39C00C2D7E9 /* RoundedShadowView.swift in Sources */ = {isa = PBXBuildFile; fileRef = 0158DF652025D39C00C2D7E9 /* RoundedShadowView.swift */; };
		0158DF682025D58B00C2D7E9 /* RoundedShadowButton.swift in Sources */ = {isa = PBXBuildFile; fileRef = 0158DF672025D58B00C2D7E9 /* RoundedShadowButton.swift */; };
		0158DF6A2025D60300C2D7E9 /* RoundedShadowImageView.swift in Sources */ = {isa = PBXBuildFile; fileRef = 0158DF692025D60300C2D7E9 /* RoundedShadowImageView.swift */; };
		017678B520424E45009D021F /* SqueezeNet.mlmodel in Sources */ = {isa = PBXBuildFile; fileRef = 017678B420424E45009D021F /* SqueezeNet.mlmodel */; };
		018C9EB9201D941300F5296C /* AppDelegate.swift in Sources */ = {isa = PBXBuildFile; fileRef = 018C9EB8201D941300F5296C /* AppDelegate.swift */; };
		018C9EBB201D941300F5296C /* CameraVC.swift in Sources */ = {isa = PBXBuildFile; fileRef = 018C9EBA201D941300F5296C /* CameraVC.swift */; };
		018C9EBE201D941300F5296C /* Main.storyboard in Resources */ = {isa = PBXBuildFile; fileRef = 018C9EBC201D941300F5296C /* Main.storyboard */; };
		018C9EC0201D941300F5296C /* Assets.xcassets in Resources */ = {isa = PBXBuildFile; fileRef = 018C9EBF201D941300F5296C /* Assets.xcassets */; };
		018C9EC3201D941300F5296C /* LaunchScreen.storyboard in Resources */ = {isa = PBXBuildFile; fileRef = 018C9EC1201D941300F5296C /* LaunchScreen.storyboard */; };
/* End PBXBuildFile section */

/* Begin PBXFileReference section */
		0158DF652025D39C00C2D7E9 /* RoundedShadowView.swift */ = {isa = PBXFileReference; lastKnownFileType = sourcecode.swift; path = RoundedShadowView.swift; sourceTree = "<group>"; };
		0158DF672025D58B00C2D7E9 /* RoundedShadowButton.swift */ = {isa = PBXFileReference; lastKnownFileType = sourcecode.swift; path = RoundedShadowButton.swift; sourceTree = "<group>"; };
		0158DF692025D60300C2D7E9 /* RoundedShadowImageView.swift */ = {isa = PBXFileReference; lastKnownFileType = sourcecode.swift; path = RoundedShadowImageView.swift; sourceTree = "<group>"; };
		017678B420424E45009D021F /* SqueezeNet.mlmodel */ = {isa = PBXFileReference; lastKnownFileType = file.mlmodel; path = SqueezeNet.mlmodel; sourceTree = "<group>"; };
		018C9EB5201D941300F5296C /* vision-app-dev.app */ = {isa = PBXFileReference; explicitFileType = wrapper.application; includeInIndex = 0; path = "vision-app-dev.app"; sourceTree = BUILT_PRODUCTS_DIR; };
		018C9EB8201D941300F5296C /* AppDelegate.swift */ = {isa = PBXFileReference; lastKnownFileType = sourcecode.swift; path = AppDelegate.swift; sourceTree = "<group>"; };
		018C9EBA201D941300F5296C /* CameraVC.swift */ = {isa = PBXFileReference; lastKnownFileType = sourcecode.swift; path = CameraVC.swift; sourceTree = "<group>"; };
		018C9EBD201D941300F5296C /* Base */ = {isa = PBXFileReference; lastKnownFileType = file.storyboard; name = Base; path = Base.lproj/Main.storyboard; sourceTree = "<group>"; };
		018C9EBF201D941300F5296C /* Assets.xcassets */ = {isa = PBXFileReference; lastKnownFileType = folder.assetcatalog; path = Assets.xcassets; sourceTree = "<group>"; };
		018C9EC2201D941300F5296C /* Base */ = {isa = PBXFileReference; lastKnownFileType = file.storyboard; name = Base; path = Base.lproj/LaunchScreen.storyboard; sourceTree = "<group>"; };
		018C9EC4201D941300F5296C /* Info.plist */ = {isa = PBXFileReference; lastKnownFileType = text.plist.xml; path = Info.plist; sourceTree = "<group>"; };
/* End PBXFileReference section */

/* Begin PBXFrameworksBuildPhase section */
		018C9EB2201D941300F5296C /* Frameworks */ = {
			isa = PBXFrameworksBuildPhase;
			buildActionMask = 2147483647;
			files = (
			);
			runOnlyForDeploymentPostprocessing = 0;
		};
/* End PBXFrameworksBuildPhase section */

/* Begin PBXGroup section */
		018C9EAC201D941300F5296C = {
			isa = PBXGroup;
			children = (
				018C9EB7201D941300F5296C /* vision-app-dev */,
				018C9EB6201D941300F5296C /* Products */,
			);
			sourceTree = "<group>";
		};
		018C9EB6201D941300F5296C /* Products */ = {
			isa = PBXGroup;
			children = (
				018C9EB5201D941300F5296C /* vision-app-dev.app */,
			);
			name = Products;
			sourceTree = "<group>";
		};
		018C9EB7201D941300F5296C /* vision-app-dev */ = {
			isa = PBXGroup;
			children = (
				018C9ECC201D945000F5296C /* Resources */,
				018C9ECB201D944100F5296C /* View */,
				018C9ECA201D943700F5296C /* Controller */,
				018C9EB8201D941300F5296C /* AppDelegate.swift */,
				018C9EBC201D941300F5296C /* Main.storyboard */,
				018C9EBF201D941300F5296C /* Assets.xcassets */,
				018C9EC1201D941300F5296C /* LaunchScreen.storyboard */,
				018C9EC4201D941300F5296C /* Info.plist */,
			);
			path = "vision-app-dev";
			sourceTree = "<group>";
		};
		018C9ECA201D943700F5296C /* Controller */ = {
			isa = PBXGroup;
			children = (
				018C9EBA201D941300F5296C /* CameraVC.swift */,
			);
			path = Controller;
			sourceTree = "<group>";
		};
		018C9ECB201D944100F5296C /* View */ = {
			isa = PBXGroup;
			children = (
				0158DF652025D39C00C2D7E9 /* RoundedShadowView.swift */,
				0158DF672025D58B00C2D7E9 /* RoundedShadowButton.swift */,
				0158DF692025D60300C2D7E9 /* RoundedShadowImageView.swift */,
			);
			path = View;
			sourceTree = "<group>";
		};
		018C9ECC201D945000F5296C /* Resources */ = {
			isa = PBXGroup;
			children = (
				017678B420424E45009D021F /* SqueezeNet.mlmodel */,
			);
			path = Resources;
			sourceTree = "<group>";
		};
/* End PBXGroup section */

/* Begin PBXNativeTarget section */
		018C9EB4201D941300F5296C /* vision-app-dev */ = {
			isa = PBXNativeTarget;
			buildConfigurationList = 018C9EC7201D941300F5296C /* Build configuration list for PBXNativeTarget "vision-app-dev" */;
			buildPhases = (
				018C9EB1201D941300F5296C /* Sources */,
				018C9EB2201D941300F5296C /* Frameworks */,
				018C9EB3201D941300F5296C /* Resources */,
			);
			buildRules = (
			);
			dependencies = (
			);
			name = "vision-app-dev";
			productName = "vision-app-dev";
			productReference = 018C9EB5201D941300F5296C /* vision-app-dev.app */;
			productType = "com.apple.product-type.application";
		};
/* End PBXNativeTarget section */

/* Begin PBXProject section */
		018C9EAD201D941300F5296C /* Project object */ = {
			isa = PBXProject;
			attributes = {
				LastSwiftUpdateCheck = 0920;
				LastUpgradeCheck = 0920;
				ORGANIZATIONNAME = Andras;
				TargetAttributes = {
					018C9EB4201D941300F5296C = {
						CreatedOnToolsVersion = 9.2;
						ProvisioningStyle = Automatic;
					};
				};
			};
			buildConfigurationList = 018C9EB0201D941300F5296C /* Build configuration list for PBXProject "vision-app-dev" */;
			compatibilityVersion = "Xcode 8.0";
			developmentRegion = en;
			hasScannedForEncodings = 0;
			knownRegions = (
				en,
				Base,
			);
			mainGroup = 018C9EAC201D941300F5296C;
			productRefGroup = 018C9EB6201D941300F5296C /* Products */;
			projectDirPath = "";
			projectRoot = "";
			targets = (
				018C9EB4201D941300F5296C /* vision-app-dev */,
			);
		};
/* End PBXProject section */

/* Begin PBXResourcesBuildPhase section */
		018C9EB3201D941300F5296C /* Resources */ = {
			isa = PBXResourcesBuildPhase;
			buildActionMask = 2147483647;
			files = (
				018C9EC3201D941300F5296C /* LaunchScreen.storyboard in Resources */,
				018C9EC0201D941300F5296C /* Assets.xcassets in Resources */,
				018C9EBE201D941300F5296C /* Main.storyboard in Resources */,
			);
			runOnlyForDeploymentPostprocessing = 0;
		};
/* End PBXResourcesBuildPhase section */

/* Begin PBXSourcesBuildPhase section */
		018C9EB1201D941300F5296C /* Sources */ = {
			isa = PBXSourcesBuildPhase;
			buildActionMask = 2147483647;
			files = (
				018C9EBB201D941300F5296C /* CameraVC.swift in Sources */,
				017678B520424E45009D021F /* SqueezeNet.mlmodel in Sources */,
				018C9EB9201D941300F5296C /* AppDelegate.swift in Sources */,
				0158DF662025D39C00C2D7E9 /* RoundedShadowView.swift in Sources */,
				0158DF682025D58B00C2D7E9 /* RoundedShadowButton.swift in Sources */,
				0158DF6A2025D60300C2D7E9 /* RoundedShadowImageView.swift in Sources */,
			);
			runOnlyForDeploymentPostprocessing = 0;
		};
/* End PBXSourcesBuildPhase section */

/* Begin PBXVariantGroup section */
		018C9EBC201D941300F5296C /* Main.storyboard */ = {
			isa = PBXVariantGroup;
			children = (
				018C9EBD201D941300F5296C /* Base */,
			);
			name = Main.storyboard;
			sourceTree = "<group>";
		};
		018C9EC1201D941300F5296C /* LaunchScreen.storyboard */ = {
			isa = PBXVariantGroup;
			children = (
				018C9EC2201D941300F5296C /* Base */,
			);
			name = LaunchScreen.storyboard;
			sourceTree = "<group>";
		};
/* End PBXVariantGroup section */

/* Begin XCBuildConfiguration section */
		018C9EC5201D941300F5296C /* Debug */ = {
			isa = XCBuildConfiguration;
			buildSettings = {
				ALWAYS_SEARCH_USER_PATHS = NO;
				CLANG_ANALYZER_NONNULL = YES;
				CLANG_ANALYZER_NUMBER_OBJECT_CONVERSION = YES_AGGRESSIVE;
				CLANG_CXX_LANGUAGE_STANDARD = "gnu++14";
				CLANG_CXX_LIBRARY = "libc++";
				CLANG_ENABLE_MODULES = YES;
				CLANG_ENABLE_OBJC_ARC = YES;
				CLANG_WARN_BLOCK_CAPTURE_AUTORELEASING = YES;
				CLANG_WARN_BOOL_CONVERSION = YES;
				CLANG_WARN_COMMA = YES;
				CLANG_WARN_CONSTANT_CONVERSION = YES;
				CLANG_WARN_DIRECT_OBJC_ISA_USAGE = YES_ERROR;
				CLANG_WARN_DOCUMENTATION_COMMENTS = YES;
				CLANG_WARN_EMPTY_BODY = YES;
				CLANG_WARN_ENUM_CONVERSION = YES;
				CLANG_WARN_INFINITE_RECURSION = YES;
				CLANG_WARN_INT_CONVERSION = YES;
				CLANG_WARN_NON_LITERAL_NULL_CONVERSION = YES;
				CLANG_WARN_OBJC_LITERAL_CONVERSION = YES;
				CLANG_WARN_OBJC_ROOT_CLASS = YES_ERROR;
				CLANG_WARN_RANGE_LOOP_ANALYSIS = YES;
				CLANG_WARN_STRICT_PROTOTYPES = YES;
				CLANG_WARN_SUSPICIOUS_MOVE = YES;
				CLANG_WARN_UNGUARDED_AVAILABILITY = YES_AGGRESSIVE;
				CLANG_WARN_UNREACHABLE_CODE = YES;
				CLANG_WARN__DUPLICATE_METHOD_MATCH = YES;
				CODE_SIGN_IDENTITY = "iPhone Developer";
				COPY_PHASE_STRIP = NO;
				DEBUG_INFORMATION_FORMAT = dwarf;
				ENABLE_STRICT_OBJC_MSGSEND = YES;
				ENABLE_TESTABILITY = YES;
				GCC_C_LANGUAGE_STANDARD = gnu11;
				GCC_DYNAMIC_NO_PIC = NO;
				GCC_NO_COMMON_BLOCKS = YES;
				GCC_OPTIMIZATION_LEVEL = 0;
				GCC_PREPROCESSOR_DEFINITIONS = (
					"DEBUG=1",
					"$(inherited)",
				);
				GCC_WARN_64_TO_32_BIT_CONVERSION = YES;
				GCC_WARN_ABOUT_RETURN_TYPE = YES_ERROR;
				GCC_WARN_UNDECLARED_SELECTOR = YES;
				GCC_WARN_UNINITIALIZED_AUTOS = YES_AGGRESSIVE;
				GCC_WARN_UNUSED_FUNCTION = YES;
				GCC_WARN_UNUSED_VARIABLE = YES;
				IPHONEOS_DEPLOYMENT_TARGET = 11.2;
				MTL_ENABLE_DEBUG_INFO = YES;
				ONLY_ACTIVE_ARCH = YES;
				SDKROOT = iphoneos;
				SWIFT_ACTIVE_COMPILATION_CONDITIONS = DEBUG;
				SWIFT_OPTIMIZATION_LEVEL = "-Onone";
			};
			name = Debug;
		};
		018C9EC6201D941300F5296C /* Release */ = {
			isa = XCBuildConfiguration;
			buildSettings = {
				ALWAYS_SEARCH_USER_PATHS = NO;
				CLANG_ANALYZER_NONNULL = YES;
				CLANG_ANALYZER_NUMBER_OBJECT_CONVERSION = YES_AGGRESSIVE;
				CLANG_CXX_LANGUAGE_STANDARD = "gnu++14";
				CLANG_CXX_LIBRARY = "libc++";
				CLANG_ENABLE_MODULES = YES;
				CLANG_ENABLE_OBJC_ARC = YES;
				CLANG_WARN_BLOCK_CAPTURE_AUTORELEASING = YES;
				CLANG_WARN_BOOL_CONVERSION = YES;
				CLANG_WARN_COMMA = YES;
				CLANG_WARN_CONSTANT_CONVERSION = YES;
				CLANG_WARN_DIRECT_OBJC_ISA_USAGE = YES_ERROR;
				CLANG_WARN_DOCUMENTATION_COMMENTS = YES;
				CLANG_WARN_EMPTY_BODY = YES;
				CLANG_WARN_ENUM_CONVERSION = YES;
				CLANG_WARN_INFINITE_RECURSION = YES;
				CLANG_WARN_INT_CONVERSION = YES;
				CLANG_WARN_NON_LITERAL_NULL_CONVERSION = YES;
				CLANG_WARN_OBJC_LITERAL_CONVERSION = YES;
				CLANG_WARN_OBJC_ROOT_CLASS = YES_ERROR;
				CLANG_WARN_RANGE_LOOP_ANALYSIS = YES;
				CLANG_WARN_STRICT_PROTOTYPES = YES;
				CLANG_WARN_SUSPICIOUS_MOVE = YES;
				CLANG_WARN_UNGUARDED_AVAILABILITY = YES_AGGRESSIVE;
				CLANG_WARN_UNREACHABLE_CODE = YES;
				CLANG_WARN__DUPLICATE_METHOD_MATCH = YES;
				CODE_SIGN_IDENTITY = "iPhone Developer";
				COPY_PHASE_STRIP = NO;
				DEBUG_INFORMATION_FORMAT = "dwarf-with-dsym";
				ENABLE_NS_ASSERTIONS = NO;
				ENABLE_STRICT_OBJC_MSGSEND = YES;
				GCC_C_LANGUAGE_STANDARD = gnu11;
				GCC_NO_COMMON_BLOCKS = YES;
				GCC_WARN_64_TO_32_BIT_CONVERSION = YES;
				GCC_WARN_ABOUT_RETURN_TYPE = YES_ERROR;
				GCC_WARN_UNDECLARED_SELECTOR = YES;
				GCC_WARN_UNINITIALIZED_AUTOS = YES_AGGRESSIVE;
				GCC_WARN_UNUSED_FUNCTION = YES;
				GCC_WARN_UNUSED_VARIABLE = YES;
				IPHONEOS_DEPLOYMENT_TARGET = 11.2;
				MTL_ENABLE_DEBUG_INFO = NO;
				SDKROOT = iphoneos;
				SWIFT_OPTIMIZATION_LEVEL = "-Owholemodule";
				VALIDATE_PRODUCT = YES;
			};
			name = Release;
		};
		018C9EC8201D941300F5296C /* Debug */ = {
			isa = XCBuildConfiguration;
			buildSettings = {
				ASSETCATALOG_COMPILER_APPICON_NAME = AppIcon;
				CODE_SIGN_STYLE = Automatic;
				DEVELOPMENT_TEAM = CENEG2YW5K;
				INFOPLIST_FILE = "vision-app-dev/Info.plist";
				LD_RUNPATH_SEARCH_PATHS = "$(inherited) @executable_path/Frameworks";
				PRODUCT_BUNDLE_IDENTIFIER = "baandi.vision-app-dev";
				PRODUCT_NAME = "$(TARGET_NAME)";
				SWIFT_VERSION = 4.0;
				TARGETED_DEVICE_FAMILY = "1,2";
			};
			name = Debug;
		};
		018C9EC9201D941300F5296C /* Release */ = {
			isa = XCBuildConfiguration;
			buildSettings = {
				ASSETCATALOG_COMPILER_APPICON_NAME = AppIcon;
				CODE_SIGN_STYLE = Automatic;
				DEVELOPMENT_TEAM = CENEG2YW5K;
				INFOPLIST_FILE = "vision-app-dev/Info.plist";
				LD_RUNPATH_SEARCH_PATHS = "$(inherited) @executable_path/Frameworks";
				PRODUCT_BUNDLE_IDENTIFIER = "baandi.vision-app-dev";
				PRODUCT_NAME = "$(TARGET_NAME)";
				SWIFT_VERSION = 4.0;
				TARGETED_DEVICE_FAMILY = "1,2";
			};
			name = Release;
		};
/* End XCBuildConfiguration section */

/* Begin XCConfigurationList section */
		018C9EB0201D941300F5296C /* Build configuration list for PBXProject "vision-app-dev" */ = {
			isa = XCConfigurationList;
			buildConfigurations = (
				018C9EC5201D941300F5296C /* Debug */,
				018C9EC6201D941300F5296C /* Release */,
			);
			defaultConfigurationIsVisible = 0;
			defaultConfigurationName = Release;
		};
		018C9EC7201D941300F5296C /* Build configuration list for PBXNativeTarget "vision-app-dev" */ = {
			isa = XCConfigurationList;
			buildConfigurations = (
				018C9EC8201D941300F5296C /* Debug */,
				018C9EC9201D941300F5296C /* Release */,
			);
			defaultConfigurationIsVisible = 0;
			defaultConfigurationName = Release;
		};
/* End XCConfigurationList section */
	};
	rootObject = 018C9EAD201D941300F5296C /* Project object */;
}
